
Microsoft Visual Studio Solution File, Format Version 12.00
# Visual Studio Version 17
VisualStudioVersion = 17.12.35514.174 d17.12
MinimumVisualStudioVersion = 10.0.40219.1
Project("{FAE04EC0-301F-11D3-BF4B-00C04F79EFBC}") = "hrms", "hrms.csproj", "{D4907AC7-139A-401C-BC97-DCCF67FEFDFB}"
EndProject
Global
	GlobalSection(SolutionConfigurationPlatforms) = preSolution
		Debug|Any CPU = Debug|Any CPU
		Release|Any CPU = Release|Any CPU
	EndGlobalSection
	GlobalSection(ProjectConfigurationPlatforms) = postSolution
		{D4907AC7-139A-401C-BC97-DCCF67FEFDFB}.Debug|Any CPU.ActiveCfg = Debug|Any CPU
		{D4907AC7-139A-401C-BC97-DCCF67FEFDFB}.Debug|Any CPU.Build.0 = Debug|Any CPU
		{D4907AC7-139A-401C-BC97-DCCF67FEFDFB}.Release|Any CPU.ActiveCfg = Release|Any CPU
		{D4907AC7-139A-401C-BC97-DCCF67FEFDFB}.Release|Any CPU.Build.0 = Release|Any CPU
	EndGlobalSection
	GlobalSection(SolutionProperties) = preSolution
		HideSolutionNode = FALSE
	EndGlobalSection
EndGlobal
